{
  "name": "memocomponentcreator",
  "version": "1.0.0",
  "lockfileVersion": 1,
  "requires": true,
  "dependencies": {
    "@types/prop-types": {
      "version": "15.7.3",
      "resolved": "http://artifactory.intra.xiaojukeji.com:80/artifactory/api/npm/npm/@types/prop-types/-/prop-types-15.7.3.tgz?dl=https%3A%2F%2Frepo.huaweicloud.com%2Frepository%2Fnpm%2F%40types%2Fprop-types%2F-%2Fprop-types-15.7.3.tgz",
      "integrity": "sha1-KrDV2i5YFflLC51LldHl8kOrLKc=",
      "dev": true
    },
    "@types/react": {
      "version": "17.0.5",
      "resolved": "http://artifactory.intra.xiaojukeji.com:80/artifactory/api/npm/npm/@types/react/-/react-17.0.5.tgz?dl=https%3A%2F%2Frepo.huaweicloud.com%2Frepository%2Fnpm%2F%40types%2Freact%2F-%2Freact-17.0.5.tgz",
      "integrity": "sha1-PYh1cMRIkBH3Wj/I+WW/h9CaG+o=",
      "dev": true,
      "requires": {
        "@types/prop-types": "*",
        "@types/scheduler": "*",
        "csstype": "^3.0.2"
      }
    },
    "@types/scheduler": {
      "version": "0.16.1",
      "resolved": "http://artifactory.intra.xiaojukeji.com:80/artifactory/api/npm/npm/@types/scheduler/-/scheduler-0.16.1.tgz?dl=https%3A%2F%2Frepo.huaweicloud.com%2Frepository%2Fnpm%2F%40types%2Fscheduler%2F-%2Fscheduler-0.16.1.tgz",
      "integrity": "sha1-GIRSBehv8AOFF6q3oYpiprn3EnU=",
      "dev": true
    },
    "csstype": {
      "version": "3.0.8",
      "resolved": "http://artifactory.intra.xiaojukeji.com:80/artifactory/api/npm/npm/csstype/-/csstype-3.0.8.tgz?dl=https%3A%2F%2Frepo.huaweicloud.com%2Frepository%2Fnpm%2Fcsstype%2F-%2Fcsstype-3.0.8.tgz",
      "integrity": "sha1-0iZqeScp+yJ80hb7Vy9Dco4a00A=",
      "dev": true
    },
    "typescript": {
      "version": "4.2.4",
      "resolved": "http://artifactory.intra.xiaojukeji.com:80/artifactory/api/npm/npm/typescript/-/typescript-4.2.4.tgz?dl=https%3A%2F%2Frepo.huaweicloud.com%2Frepository%2Fnpm%2Ftypescript%2F-%2Ftypescript-4.2.4.tgz",
      "integrity": "sha1-hhC1l0feAo/aiYqK7w4QPxVtCWE=",
      "dev": true
    }
  }
}
